
Microsoft Visual Studio Solution File, Format Version 12.00
# Visual Studio Version 16
VisualStudioVersion = 16.0.29806.167
MinimumVisualStudioVersion = 10.0.40219.1
Project("{FAE04EC0-301F-11D3-BF4B-00C04F79EFBC}") = "Animals", "Animals\Animals.csproj", "{95852C38-9063-4AC2-A66A-BC2371449009}"
EndProject
Project("{FAE04EC0-301F-11D3-BF4B-00C04F79EFBC}") = "AnimalLibrary", "AnimalLibrary\AnimalLibrary.csproj", "{8E2F8FDC-80F9-49D0-B080-5862B8CD3E15}"
EndProject
Global
	GlobalSection(SolutionConfigurationPlatforms) = preSolution
		Debug|Any CPU = Debug|Any CPU
		Release|Any CPU = Release|Any CPU
	EndGlobalSection
	GlobalSection(ProjectConfigurationPlatforms) = postSolution
		{95852C38-9063-4AC2-A66A-BC2371449009}.Debug|Any CPU.ActiveCfg = Debug|Any CPU
		{95852C38-9063-4AC2-A66A-BC2371449009}.Debug|Any CPU.Build.0 = Debug|Any CPU
		{95852C38-9063-4AC2-A66A-BC2371449009}.Release|Any CPU.ActiveCfg = Release|Any CPU
		{95852C38-9063-4AC2-A66A-BC2371449009}.Release|Any CPU.Build.0 = Release|Any CPU
		{8E2F8FDC-80F9-49D0-B080-5862B8CD3E15}.Debug|Any CPU.ActiveCfg = Debug|Any CPU
		{8E2F8FDC-80F9-49D0-B080-5862B8CD3E15}.Debug|Any CPU.Build.0 = Debug|Any CPU
		{8E2F8FDC-80F9-49D0-B080-5862B8CD3E15}.Release|Any CPU.ActiveCfg = Release|Any CPU
		{8E2F8FDC-80F9-49D0-B080-5862B8CD3E15}.Release|Any CPU.Build.0 = Release|Any CPU
	EndGlobalSection
	GlobalSection(SolutionProperties) = preSolution
		HideSolutionNode = FALSE
	EndGlobalSection
	GlobalSection(ExtensibilityGlobals) = postSolution
		SolutionGuid = {F2302417-134E-4FEB-8355-0C357C67CEAD}
	EndGlobalSection
EndGlobal
